{
  "name": "itm_poke_enhancer",
  "lockfileVersion": 2,
  "requires": true,
  "packages": {
    "": {
      "hasInstallScript": true,
      "devDependencies": {
        "husky": "^5.0.6"
      }
    },
    "node_modules/husky": {
      "version": "5.0.6",
      "resolved": "https://registry.npmjs.org/husky/-/husky-5.0.6.tgz",
      "integrity": "sha512-SM+evfvcHT3rAYJKvPlatz3L5RqzgeM6xIvDjhs8VuhKj6iKqFDOt/Ov8sPjvWuE4FDB385gJBwWXRj7G3c1hg==",
      "dev": true,
      "funding": [
        {
          "type": "github",
          "url": "https://github.com/sponsors/typicode"
        },
        {
          "type": "opencollective",
          "url": "https://opencollective.com/husky"
        }
      ],
      "bin": {
        "husky": "lib/bin.js"
      },
      "engines": {
        "node": ">= 10"
      }
    }
  },
  "dependencies": {
    "husky": {
      "version": "5.0.6",
      "resolved": "https://registry.npmjs.org/husky/-/husky-5.0.6.tgz",
      "integrity": "sha512-SM+evfvcHT3rAYJKvPlatz3L5RqzgeM6xIvDjhs8VuhKj6iKqFDOt/Ov8sPjvWuE4FDB385gJBwWXRj7G3c1hg==",
      "dev": true
    }
  }
}
